
Microsoft Visual Studio Solution File, Format Version 12.00
# Visual Studio Version 16
VisualStudioVersion = 16.0.31424.327
MinimumVisualStudioVersion = 10.0.40219.1
Project("{FAE04EC0-301F-11D3-BF4B-00C04F79EFBC}") = "Final Project", "Final Project\Final Project.csproj", "{FB9BFCB3-C4A6-4167-BEC9-CE1A33DC709E}"
EndProject
Global
	GlobalSection(SolutionConfigurationPlatforms) = preSolution
		Debug|Any CPU = Debug|Any CPU
		Release|Any CPU = Release|Any CPU
	EndGlobalSection
	GlobalSection(ProjectConfigurationPlatforms) = postSolution
		{FB9BFCB3-C4A6-4167-BEC9-CE1A33DC709E}.Debug|Any CPU.ActiveCfg = Debug|Any CPU
		{FB9BFCB3-C4A6-4167-BEC9-CE1A33DC709E}.Debug|Any CPU.Build.0 = Debug|Any CPU
		{FB9BFCB3-C4A6-4167-BEC9-CE1A33DC709E}.Release|Any CPU.ActiveCfg = Release|Any CPU
		{FB9BFCB3-C4A6-4167-BEC9-CE1A33DC709E}.Release|Any CPU.Build.0 = Release|Any CPU
	EndGlobalSection
	GlobalSection(SolutionProperties) = preSolution
		HideSolutionNode = FALSE
	EndGlobalSection
	GlobalSection(ExtensibilityGlobals) = postSolution
		SolutionGuid = {E15AC6B9-68B7-4EA7-9A82-DAC03B9304F1}
	EndGlobalSection
EndGlobal
